
Microsoft Visual Studio Solution File, Format Version 12.00
# Visual Studio Version 17
VisualStudioVersion = 17.14.36301.6
MinimumVisualStudioVersion = 10.0.40219.1
Project("{FAE04EC0-301F-11D3-BF4B-00C04F79EFBC}") = "cs_ydl", "cs_ydl.csproj", "{52279636-7809-4B5C-A778-AC05CDC2A091}"
EndProject
Project("{2150E333-8FDC-42A3-9474-1A3956D46DE8}") = "ソリューション項目", "ソリューション項目", "{2022CB0F-8BAF-F49E-0C48-8EF4C96EC109}"
	ProjectSection(SolutionItems) = preProject
		YtdlpOptions.cs = YtdlpOptions.cs
	EndProjectSection
EndProject
Global
	GlobalSection(SolutionConfigurationPlatforms) = preSolution
		Debug|Any CPU = Debug|Any CPU
		Release|Any CPU = Release|Any CPU
	EndGlobalSection
	GlobalSection(ProjectConfigurationPlatforms) = postSolution
		{52279636-7809-4B5C-A778-AC05CDC2A091}.Debug|Any CPU.ActiveCfg = Debug|Any CPU
		{52279636-7809-4B5C-A778-AC05CDC2A091}.Debug|Any CPU.Build.0 = Debug|Any CPU
		{52279636-7809-4B5C-A778-AC05CDC2A091}.Release|Any CPU.ActiveCfg = Release|Any CPU
		{52279636-7809-4B5C-A778-AC05CDC2A091}.Release|Any CPU.Build.0 = Release|Any CPU
	EndGlobalSection
	GlobalSection(SolutionProperties) = preSolution
		HideSolutionNode = FALSE
	EndGlobalSection
	GlobalSection(ExtensibilityGlobals) = postSolution
		SolutionGuid = {724A7648-57B8-4BD7-8FA8-44499FE6A296}
	EndGlobalSection
EndGlobal
